
Microsoft Visual Studio Solution File, Format Version 12.00
# Visual Studio 15
VisualStudioVersion = 15.0.26124.0
MinimumVisualStudioVersion = 15.0.26124.0
Project("{FAE04EC0-301F-11D3-BF4B-00C04F79EFBC}") = "todowebapp.data", "..\todowebapp.data\todowebapp.data.csproj", "{2BBDA202-E103-4F7E-8B80-F4414F99580D}"
EndProject
Project("{FAE04EC0-301F-11D3-BF4B-00C04F79EFBC}") = "todowebapp.ui", "todowebapp.ui.csproj", "{A7F3C115-4D42-41C0-B65A-73425B7D0B95}"
EndProject
Global
	GlobalSection(SolutionConfigurationPlatforms) = preSolution
		Debug|Any CPU = Debug|Any CPU
		Debug|x64 = Debug|x64
		Debug|x86 = Debug|x86
		Release|Any CPU = Release|Any CPU
		Release|x64 = Release|x64
		Release|x86 = Release|x86
	EndGlobalSection
	GlobalSection(SolutionProperties) = preSolution
		HideSolutionNode = FALSE
	EndGlobalSection
	GlobalSection(ProjectConfigurationPlatforms) = postSolution
		{2BBDA202-E103-4F7E-8B80-F4414F99580D}.Debug|Any CPU.ActiveCfg = Debug|Any CPU
		{2BBDA202-E103-4F7E-8B80-F4414F99580D}.Debug|Any CPU.Build.0 = Debug|Any CPU
		{2BBDA202-E103-4F7E-8B80-F4414F99580D}.Debug|x64.ActiveCfg = Debug|Any CPU
		{2BBDA202-E103-4F7E-8B80-F4414F99580D}.Debug|x64.Build.0 = Debug|Any CPU
		{2BBDA202-E103-4F7E-8B80-F4414F99580D}.Debug|x86.ActiveCfg = Debug|Any CPU
		{2BBDA202-E103-4F7E-8B80-F4414F99580D}.Debug|x86.Build.0 = Debug|Any CPU
		{2BBDA202-E103-4F7E-8B80-F4414F99580D}.Release|Any CPU.ActiveCfg = Release|Any CPU
		{2BBDA202-E103-4F7E-8B80-F4414F99580D}.Release|Any CPU.Build.0 = Release|Any CPU
		{2BBDA202-E103-4F7E-8B80-F4414F99580D}.Release|x64.ActiveCfg = Release|Any CPU
		{2BBDA202-E103-4F7E-8B80-F4414F99580D}.Release|x64.Build.0 = Release|Any CPU
		{2BBDA202-E103-4F7E-8B80-F4414F99580D}.Release|x86.ActiveCfg = Release|Any CPU
		{2BBDA202-E103-4F7E-8B80-F4414F99580D}.Release|x86.Build.0 = Release|Any CPU
		{A7F3C115-4D42-41C0-B65A-73425B7D0B95}.Debug|Any CPU.ActiveCfg = Debug|Any CPU
		{A7F3C115-4D42-41C0-B65A-73425B7D0B95}.Debug|Any CPU.Build.0 = Debug|Any CPU
		{A7F3C115-4D42-41C0-B65A-73425B7D0B95}.Debug|x64.ActiveCfg = Debug|Any CPU
		{A7F3C115-4D42-41C0-B65A-73425B7D0B95}.Debug|x64.Build.0 = Debug|Any CPU
		{A7F3C115-4D42-41C0-B65A-73425B7D0B95}.Debug|x86.ActiveCfg = Debug|Any CPU
		{A7F3C115-4D42-41C0-B65A-73425B7D0B95}.Debug|x86.Build.0 = Debug|Any CPU
		{A7F3C115-4D42-41C0-B65A-73425B7D0B95}.Release|Any CPU.ActiveCfg = Release|Any CPU
		{A7F3C115-4D42-41C0-B65A-73425B7D0B95}.Release|Any CPU.Build.0 = Release|Any CPU
		{A7F3C115-4D42-41C0-B65A-73425B7D0B95}.Release|x64.ActiveCfg = Release|Any CPU
		{A7F3C115-4D42-41C0-B65A-73425B7D0B95}.Release|x64.Build.0 = Release|Any CPU
		{A7F3C115-4D42-41C0-B65A-73425B7D0B95}.Release|x86.ActiveCfg = Release|Any CPU
		{A7F3C115-4D42-41C0-B65A-73425B7D0B95}.Release|x86.Build.0 = Release|Any CPU
	EndGlobalSection
EndGlobal
